PODS:
  - RJExtension (1.0.5)
  - SnapKit (4.0.0)

DEPENDENCIES:
  - RJExtension
  - SnapKit

SPEC REPOS:
  https://github.com/cocoapods/specs.git:
    - RJExtension
    - SnapKit

SPEC CHECKSUMS:
  RJExtension: 750ee1f177e942c20aed3648a7e9a4a1c01f638c
  SnapKit: a42d492c16e80209130a3379f73596c3454b7694

PODFILE CHECKSUM: 23f54225ae2e12ac18838a6a8ca7751030880c40

COCOAPODS: 1.5.3
