PODS:
  - SnapKit (4.0.0)
  - Then (2.3.0)

DEPENDENCIES:
  - SnapKit
  - Then

SPEC REPOS:
  https://github.com/cocoapods/specs.git:
    - SnapKit
    - Then

SPEC CHECKSUMS:
  SnapKit: a42d492c16e80209130a3379f73596c3454b7694
  Then: ee21c97b85ff6062b9b0080c9abb1eea46743345

PODFILE CHECKSUM: 5cb3d29fa07e32143aa79b3ad09df02a407910e7

COCOAPODS: 1.5.3
