// !$*UTF8*$!
{
	archiveVersion = 1;
	classes = {
	};
	objectVersion = 50;
	objects = {

/* Begin PBXBuildFile section */
		457D4B064082E1DBA19AC540 /* Pods_ApplePie.framework in Frameworks */ = {isa = PBXBuildFile; fileRef = AABD73BAA9383F7E8E4A0803 /* Pods_ApplePie.framework */; };
		560C5313211ADFB800349193 /* TabBarController.swift in Sources */ = {isa = PBXBuildFile; fileRef = 560C5312211ADFB800349193 /* TabBarController.swift */; };
		560C5315211AEE8700349193 /* CustomNaviView.swift in Sources */ = {isa = PBXBuildFile; fileRef = 560C5314211AEE8700349193 /* CustomNaviView.swift */; };
		56750221211452D40005D750 /* AppDelegate.swift in Sources */ = {isa = PBXBuildFile; fileRef = 56750220211452D40005D750 /* AppDelegate.swift */; };
		56750226211452D40005D750 /* Main.storyboard in Resources */ = {isa = PBXBuildFile; fileRef = 56750224211452D40005D750 /* Main.storyboard */; };
		56750228211452D50005D750 /* Assets.xcassets in Resources */ = {isa = PBXBuildFile; fileRef = 56750227211452D50005D750 /* Assets.xcassets */; };
		5675022B211452D50005D750 /* LaunchScreen.storyboard in Resources */ = {isa = PBXBuildFile; fileRef = 56750229211452D50005D750 /* LaunchScreen.storyboard */; };
		568275362126878D00A4A298 /* CalendarViewController.swift in Sources */ = {isa = PBXBuildFile; fileRef = 568275352126878D00A4A298 /* CalendarViewController.swift */; };
		569C33FF211BD57700D86009 /* DateCell.swift in Sources */ = {isa = PBXBuildFile; fileRef = 569C33FE211BD57700D86009 /* DateCell.swift */; };
		569C3402211BE1ED00D86009 /* Extension.swift in Sources */ = {isa = PBXBuildFile; fileRef = 569C3401211BE1ED00D86009 /* Extension.swift */; };
		569C3404211C04AE00D86009 /* DateModel.swift in Sources */ = {isa = PBXBuildFile; fileRef = 569C3403211C04AE00D86009 /* DateModel.swift */; };
		569C3408211C243400D86009 /* YearCell.swift in Sources */ = {isa = PBXBuildFile; fileRef = 569C3407211C243400D86009 /* YearCell.swift */; };
		569C340A211C2B1200D86009 /* YearMenuTableView.swift in Sources */ = {isa = PBXBuildFile; fileRef = 569C3409211C2B1200D86009 /* YearMenuTableView.swift */; };
		56A86B1F2118225C00EC18C9 /* CalendarCell.swift in Sources */ = {isa = PBXBuildFile; fileRef = 56A86B1E2118225C00EC18C9 /* CalendarCell.swift */; };
		56C25B9C212185F700B3D7A6 /* DatePageViewController.swift in Sources */ = {isa = PBXBuildFile; fileRef = 56C25B9B212185F700B3D7A6 /* DatePageViewController.swift */; };
		56C25B9E212194B900B3D7A6 /* DateViewController.swift in Sources */ = {isa = PBXBuildFile; fileRef = 56C25B9D212194B900B3D7A6 /* DateViewController.swift */; };
/* End PBXBuildFile section */

/* Begin PBXFileReference section */
		4A482196D5188671371DB109 /* Pods-ApplePie.release.xcconfig */ = {isa = PBXFileReference; includeInIndex = 1; lastKnownFileType = text.xcconfig; name = "Pods-ApplePie.release.xcconfig"; path = "Pods/Target Support Files/Pods-ApplePie/Pods-ApplePie.release.xcconfig"; sourceTree = "<group>"; };
		560C5312211ADFB800349193 /* TabBarController.swift */ = {isa = PBXFileReference; lastKnownFileType = sourcecode.swift; path = TabBarController.swift; sourceTree = "<group>"; };
		560C5314211AEE8700349193 /* CustomNaviView.swift */ = {isa = PBXFileReference; lastKnownFileType = sourcecode.swift; path = CustomNaviView.swift; sourceTree = "<group>"; };
		5675021D211452D40005D750 /* ApplePie.app */ = {isa = PBXFileReference; explicitFileType = wrapper.application; includeInIndex = 0; path = ApplePie.app; sourceTree = BUILT_PRODUCTS_DIR; };
		56750220211452D40005D750 /* AppDelegate.swift */ = {isa = PBXFileReference; lastKnownFileType = sourcecode.swift; path = AppDelegate.swift; sourceTree = "<group>"; };
		56750225211452D40005D750 /* Base */ = {isa = PBXFileReference; lastKnownFileType = file.storyboard; name = Base; path = Base.lproj/Main.storyboard; sourceTree = "<group>"; };
		56750227211452D50005D750 /* Assets.xcassets */ = {isa = PBXFileReference; lastKnownFileType = folder.assetcatalog; path = Assets.xcassets; sourceTree = "<group>"; };
		5675022A211452D50005D750 /* Base */ = {isa = PBXFileReference; lastKnownFileType = file.storyboard; name = Base; path = Base.lproj/LaunchScreen.storyboard; sourceTree = "<group>"; };
		5675022C211452D50005D750 /* Info.plist */ = {isa = PBXFileReference; lastKnownFileType = text.plist.xml; path = Info.plist; sourceTree = "<group>"; };
		568275352126878D00A4A298 /* CalendarViewController.swift */ = {isa = PBXFileReference; lastKnownFileType = sourcecode.swift; path = CalendarViewController.swift; sourceTree = "<group>"; };
		569C33FE211BD57700D86009 /* DateCell.swift */ = {isa = PBXFileReference; lastKnownFileType = sourcecode.swift; path = DateCell.swift; sourceTree = "<group>"; };
		569C3401211BE1ED00D86009 /* Extension.swift */ = {isa = PBXFileReference; lastKnownFileType = sourcecode.swift; path = Extension.swift; sourceTree = "<group>"; };
		569C3403211C04AE00D86009 /* DateModel.swift */ = {isa = PBXFileReference; lastKnownFileType = sourcecode.swift; path = DateModel.swift; sourceTree = "<group>"; };
		569C3407211C243400D86009 /* YearCell.swift */ = {isa = PBXFileReference; lastKnownFileType = sourcecode.swift; path = YearCell.swift; sourceTree = "<group>"; };
		569C3409211C2B1200D86009 /* YearMenuTableView.swift */ = {isa = PBXFileReference; lastKnownFileType = sourcecode.swift; path = YearMenuTableView.swift; sourceTree = "<group>"; };
		56A86B1E2118225C00EC18C9 /* CalendarCell.swift */ = {isa = PBXFileReference; lastKnownFileType = sourcecode.swift; path = CalendarCell.swift; sourceTree = "<group>"; };
		56C25B9B212185F700B3D7A6 /* DatePageViewController.swift */ = {isa = PBXFileReference; lastKnownFileType = sourcecode.swift; path = DatePageViewController.swift; sourceTree = "<group>"; };
		56C25B9D212194B900B3D7A6 /* DateViewController.swift */ = {isa = PBXFileReference; lastKnownFileType = sourcecode.swift; path = DateViewController.swift; sourceTree = "<group>"; };
		888674E8BAF8BCD73F202464 /* Pods-ApplePie.debug.xcconfig */ = {isa = PBXFileReference; includeInIndex = 1; lastKnownFileType = text.xcconfig; name = "Pods-ApplePie.debug.xcconfig"; path = "Pods/Target Support Files/Pods-ApplePie/Pods-ApplePie.debug.xcconfig"; sourceTree = "<group>"; };
		AABD73BAA9383F7E8E4A0803 /* Pods_ApplePie.framework */ = {isa = PBXFileReference; explicitFileType = wrapper.framework; includeInIndex = 0; path = Pods_ApplePie.framework; sourceTree = BUILT_PRODUCTS_DIR; };
/* End PBXFileReference section */

/* Begin PBXFrameworksBuildPhase section */
		5675021A211452D40005D750 /* Frameworks */ = {
			isa = PBXFrameworksBuildPhase;
			buildActionMask = 2147483647;
			files = (
				457D4B064082E1DBA19AC540 /* Pods_ApplePie.framework in Frameworks */,
			);
			runOnlyForDeploymentPostprocessing = 0;
		};
/* End PBXFrameworksBuildPhase section */

/* Begin PBXGroup section */
		56750214211452D40005D750 = {
			isa = PBXGroup;
			children = (
				5675021F211452D40005D750 /* ApplePie */,
				5675021E211452D40005D750 /* Products */,
				CF1DFF181DAD09A8C0F8FFEF /* Pods */,
				CC17C5AA2546DB6ADE7A582E /* Frameworks */,
			);
			sourceTree = "<group>";
		};
		5675021E211452D40005D750 /* Products */ = {
			isa = PBXGroup;
			children = (
				5675021D211452D40005D750 /* ApplePie.app */,
			);
			name = Products;
			sourceTree = "<group>";
		};
		5675021F211452D40005D750 /* ApplePie */ = {
			isa = PBXGroup;
			children = (
				56750220211452D40005D750 /* AppDelegate.swift */,
				569C3400211BE10100D86009 /* Extension */,
				567502342114545A0005D750 /* Controller */,
				56750233211454550005D750 /* View */,
				567502322114544E0005D750 /* Model */,
				56750224211452D40005D750 /* Main.storyboard */,
				56750227211452D50005D750 /* Assets.xcassets */,
				56750229211452D50005D750 /* LaunchScreen.storyboard */,
				5675022C211452D50005D750 /* Info.plist */,
			);
			path = ApplePie;
			sourceTree = "<group>";
		};
		567502322114544E0005D750 /* Model */ = {
			isa = PBXGroup;
			children = (
				569C3403211C04AE00D86009 /* DateModel.swift */,
			);
			path = Model;
			sourceTree = "<group>";
		};
		56750233211454550005D750 /* View */ = {
			isa = PBXGroup;
			children = (
				56A86B1D2118224F00EC18C9 /* Cell */,
				560C5314211AEE8700349193 /* CustomNaviView.swift */,
			);
			path = View;
			sourceTree = "<group>";
		};
		567502342114545A0005D750 /* Controller */ = {
			isa = PBXGroup;
			children = (
				560C5312211ADFB800349193 /* TabBarController.swift */,
				568275352126878D00A4A298 /* CalendarViewController.swift */,
				56C25B9B212185F700B3D7A6 /* DatePageViewController.swift */,
				56C25B9D212194B900B3D7A6 /* DateViewController.swift */,
			);
			path = Controller;
			sourceTree = "<group>";
		};
		569C3400211BE10100D86009 /* Extension */ = {
			isa = PBXGroup;
			children = (
				569C3401211BE1ED00D86009 /* Extension.swift */,
			);
			path = Extension;
			sourceTree = "<group>";
		};
		56A86B1D2118224F00EC18C9 /* Cell */ = {
			isa = PBXGroup;
			children = (
				56A86B1E2118225C00EC18C9 /* CalendarCell.swift */,
				569C3407211C243400D86009 /* YearCell.swift */,
				569C33FE211BD57700D86009 /* DateCell.swift */,
				569C3409211C2B1200D86009 /* YearMenuTableView.swift */,
			);
			path = Cell;
			sourceTree = "<group>";
		};
		CC17C5AA2546DB6ADE7A582E /* Frameworks */ = {
			isa = PBXGroup;
			children = (
				AABD73BAA9383F7E8E4A0803 /* Pods_ApplePie.framework */,
			);
			name = Frameworks;
			sourceTree = "<group>";
		};
		CF1DFF181DAD09A8C0F8FFEF /* Pods */ = {
			isa = PBXGroup;
			children = (
				888674E8BAF8BCD73F202464 /* Pods-ApplePie.debug.xcconfig */,
				4A482196D5188671371DB109 /* Pods-ApplePie.release.xcconfig */,
			);
			name = Pods;
			sourceTree = "<group>";
		};
/* End PBXGroup section */

/* Begin PBXNativeTarget section */
		5675021C211452D40005D750 /* ApplePie */ = {
			isa = PBXNativeTarget;
			buildConfigurationList = 5675022F211452D50005D750 /* Build configuration list for PBXNativeTarget "ApplePie" */;
			buildPhases = (
				CEB5584499DAA9A1C50C0760 /* [CP] Check Pods Manifest.lock */,
				56750219211452D40005D750 /* Sources */,
				5675021A211452D40005D750 /* Frameworks */,
				5675021B211452D40005D750 /* Resources */,
				347E4BB738B670524BCFB407 /* [CP] Embed Pods Frameworks */,
			);
			buildRules = (
			);
			dependencies = (
			);
			name = ApplePie;
			productName = ApplePie;
			productReference = 5675021D211452D40005D750 /* ApplePie.app */;
			productType = "com.apple.product-type.application";
		};
/* End PBXNativeTarget section */

/* Begin PBXProject section */
		56750215211452D40005D750 /* Project object */ = {
			isa = PBXProject;
			attributes = {
				LastSwiftUpdateCheck = 0940;
				LastUpgradeCheck = 0940;
				ORGANIZATIONNAME = JAEJIN;
				TargetAttributes = {
					5675021C211452D40005D750 = {
						CreatedOnToolsVersion = 9.4.1;
					};
				};
			};
			buildConfigurationList = 56750218211452D40005D750 /* Build configuration list for PBXProject "ApplePie" */;
			compatibilityVersion = "Xcode 9.3";
			developmentRegion = en;
			hasScannedForEncodings = 0;
			knownRegions = (
				en,
				Base,
			);
			mainGroup = 56750214211452D40005D750;
			productRefGroup = 5675021E211452D40005D750 /* Products */;
			projectDirPath = "";
			projectRoot = "";
			targets = (
				5675021C211452D40005D750 /* ApplePie */,
			);
		};
/* End PBXProject section */

/* Begin PBXResourcesBuildPhase section */
		5675021B211452D40005D750 /* Resources */ = {
			isa = PBXResourcesBuildPhase;
			buildActionMask = 2147483647;
			files = (
				5675022B211452D50005D750 /* LaunchScreen.storyboard in Resources */,
				56750228211452D50005D750 /* Assets.xcassets in Resources */,
				56750226211452D40005D750 /* Main.storyboard in Resources */,
			);
			runOnlyForDeploymentPostprocessing = 0;
		};
/* End PBXResourcesBuildPhase section */

/* Begin PBXShellScriptBuildPhase section */
		347E4BB738B670524BCFB407 /* [CP] Embed Pods Frameworks */ = {
			isa = PBXShellScriptBuildPhase;
			buildActionMask = 2147483647;
			files = (
			);
			inputPaths = (
				"${SRCROOT}/Pods/Target Support Files/Pods-ApplePie/Pods-ApplePie-frameworks.sh",
				"${BUILT_PRODUCTS_DIR}/RJExtension/RJExtension.framework",
				"${BUILT_PRODUCTS_DIR}/SnapKit/SnapKit.framework",
			);
			name = "[CP] Embed Pods Frameworks";
			outputPaths = (
				"${TARGET_BUILD_DIR}/${FRAMEWORKS_FOLDER_PATH}/RJExtension.framework",
				"${TARGET_BUILD_DIR}/${FRAMEWORKS_FOLDER_PATH}/SnapKit.framework",
			);
			runOnlyForDeploymentPostprocessing = 0;
			shellPath = /bin/sh;
			shellScript = "\"${SRCROOT}/Pods/Target Support Files/Pods-ApplePie/Pods-ApplePie-frameworks.sh\"\n";
			showEnvVarsInLog = 0;
		};
		CEB5584499DAA9A1C50C0760 /* [CP] Check Pods Manifest.lock */ = {
			isa = PBXShellScriptBuildPhase;
			buildActionMask = 2147483647;
			files = (
			);
			inputPaths = (
				"${PODS_PODFILE_DIR_PATH}/Podfile.lock",
				"${PODS_ROOT}/Manifest.lock",
			);
			name = "[CP] Check Pods Manifest.lock";
			outputPaths = (
				"$(DERIVED_FILE_DIR)/Pods-ApplePie-checkManifestLockResult.txt",
			);
			runOnlyForDeploymentPostprocessing = 0;
			shellPath = /bin/sh;
			shellScript = "diff \"${PODS_PODFILE_DIR_PATH}/Podfile.lock\" \"${PODS_ROOT}/Manifest.lock\" > /dev/null\nif [ $? != 0 ] ; then\n    # print error to STDERR\n    echo \"error: The sandbox is not in sync with the Podfile.lock. Run 'pod install' or update your CocoaPods installation.\" >&2\n    exit 1\nfi\n# This output is used by Xcode 'outputs' to avoid re-running this script phase.\necho \"SUCCESS\" > \"${SCRIPT_OUTPUT_FILE_0}\"\n";
			showEnvVarsInLog = 0;
		};
/* End PBXShellScriptBuildPhase section */

/* Begin PBXSourcesBuildPhase section */
		56750219211452D40005D750 /* Sources */ = {
			isa = PBXSourcesBuildPhase;
			buildActionMask = 2147483647;
			files = (
				568275362126878D00A4A298 /* CalendarViewController.swift in Sources */,
				56A86B1F2118225C00EC18C9 /* CalendarCell.swift in Sources */,
				569C3404211C04AE00D86009 /* DateModel.swift in Sources */,
				56C25B9C212185F700B3D7A6 /* DatePageViewController.swift in Sources */,
				56750221211452D40005D750 /* AppDelegate.swift in Sources */,
				56C25B9E212194B900B3D7A6 /* DateViewController.swift in Sources */,
				569C3402211BE1ED00D86009 /* Extension.swift in Sources */,
				569C33FF211BD57700D86009 /* DateCell.swift in Sources */,
				560C5313211ADFB800349193 /* TabBarController.swift in Sources */,
				569C340A211C2B1200D86009 /* YearMenuTableView.swift in Sources */,
				569C3408211C243400D86009 /* YearCell.swift in Sources */,
				560C5315211AEE8700349193 /* CustomNaviView.swift in Sources */,
			);
			runOnlyForDeploymentPostprocessing = 0;
		};
/* End PBXSourcesBuildPhase section */

/* Begin PBXVariantGroup section */
		56750224211452D40005D750 /* Main.storyboard */ = {
			isa = PBXVariantGroup;
			children = (
				56750225211452D40005D750 /* Base */,
			);
			name = Main.storyboard;
			sourceTree = "<group>";
		};
		56750229211452D50005D750 /* LaunchScreen.storyboard */ = {
			isa = PBXVariantGroup;
			children = (
				5675022A211452D50005D750 /* Base */,
			);
			name = LaunchScreen.storyboard;
			sourceTree = "<group>";
		};
/* End PBXVariantGroup section */

/* Begin XCBuildConfiguration section */
		5675022D211452D50005D750 /* Debug */ = {
			isa = XCBuildConfiguration;
			buildSettings = {
				ALWAYS_SEARCH_USER_PATHS = NO;
				CLANG_ANALYZER_NONNULL = YES;
				CLANG_ANALYZER_NUMBER_OBJECT_CONVERSION = YES_AGGRESSIVE;
				CLANG_CXX_LANGUAGE_STANDARD = "gnu++14";
				CLANG_CXX_LIBRARY = "libc++";
				CLANG_ENABLE_MODULES = YES;
				CLANG_ENABLE_OBJC_ARC = YES;
				CLANG_ENABLE_OBJC_WEAK = YES;
				CLANG_WARN_BLOCK_CAPTURE_AUTORELEASING = YES;
				CLANG_WARN_BOOL_CONVERSION = YES;
				CLANG_WARN_COMMA = YES;
				CLANG_WARN_CONSTANT_CONVERSION = YES;
				CLANG_WARN_DEPRECATED_OBJC_IMPLEMENTATIONS = YES;
				CLANG_WARN_DIRECT_OBJC_ISA_USAGE = YES_ERROR;
				CLANG_WARN_DOCUMENTATION_COMMENTS = YES;
				CLANG_WARN_EMPTY_BODY = YES;
				CLANG_WARN_ENUM_CONVERSION = YES;
				CLANG_WARN_INFINITE_RECURSION = YES;
				CLANG_WARN_INT_CONVERSION = YES;
				CLANG_WARN_NON_LITERAL_NULL_CONVERSION = YES;
				CLANG_WARN_OBJC_IMPLICIT_RETAIN_SELF = YES;
				CLANG_WARN_OBJC_LITERAL_CONVERSION = YES;
				CLANG_WARN_OBJC_ROOT_CLASS = YES_ERROR;
				CLANG_WARN_RANGE_LOOP_ANALYSIS = YES;
				CLANG_WARN_STRICT_PROTOTYPES = YES;
				CLANG_WARN_SUSPICIOUS_MOVE = YES;
				CLANG_WARN_UNGUARDED_AVAILABILITY = YES_AGGRESSIVE;
				CLANG_WARN_UNREACHABLE_CODE = YES;
				CLANG_WARN__DUPLICATE_METHOD_MATCH = YES;
				CODE_SIGN_IDENTITY = "iPhone Developer";
				COPY_PHASE_STRIP = NO;
				DEBUG_INFORMATION_FORMAT = dwarf;
				ENABLE_STRICT_OBJC_MSGSEND = YES;
				ENABLE_TESTABILITY = YES;
				GCC_C_LANGUAGE_STANDARD = gnu11;
				GCC_DYNAMIC_NO_PIC = NO;
				GCC_NO_COMMON_BLOCKS = YES;
				GCC_OPTIMIZATION_LEVEL = 0;
				GCC_PREPROCESSOR_DEFINITIONS = (
					"DEBUG=1",
					"$(inherited)",
				);
				GCC_WARN_64_TO_32_BIT_CONVERSION = YES;
				GCC_WARN_ABOUT_RETURN_TYPE = YES_ERROR;
				GCC_WARN_UNDECLARED_SELECTOR = YES;
				GCC_WARN_UNINITIALIZED_AUTOS = YES_AGGRESSIVE;
				GCC_WARN_UNUSED_FUNCTION = YES;
				GCC_WARN_UNUSED_VARIABLE = YES;
				IPHONEOS_DEPLOYMENT_TARGET = 11.4;
				MTL_ENABLE_DEBUG_INFO = YES;
				ONLY_ACTIVE_ARCH = YES;
				SDKROOT = iphoneos;
				SWIFT_ACTIVE_COMPILATION_CONDITIONS = DEBUG;
				SWIFT_OPTIMIZATION_LEVEL = "-Onone";
			};
			name = Debug;
		};
		5675022E211452D50005D750 /* Release */ = {
			isa = XCBuildConfiguration;
			buildSettings = {
				ALWAYS_SEARCH_USER_PATHS = NO;
				CLANG_ANALYZER_NONNULL = YES;
				CLANG_ANALYZER_NUMBER_OBJECT_CONVERSION = YES_AGGRESSIVE;
				CLANG_CXX_LANGUAGE_STANDARD = "gnu++14";
				CLANG_CXX_LIBRARY = "libc++";
				CLANG_ENABLE_MODULES = YES;
				CLANG_ENABLE_OBJC_ARC = YES;
				CLANG_ENABLE_OBJC_WEAK = YES;
				CLANG_WARN_BLOCK_CAPTURE_AUTORELEASING = YES;
				CLANG_WARN_BOOL_CONVERSION = YES;
				CLANG_WARN_COMMA = YES;
				CLANG_WARN_CONSTANT_CONVERSION = YES;
				CLANG_WARN_DEPRECATED_OBJC_IMPLEMENTATIONS = YES;
				CLANG_WARN_DIRECT_OBJC_ISA_USAGE = YES_ERROR;
				CLANG_WARN_DOCUMENTATION_COMMENTS = YES;
				CLANG_WARN_EMPTY_BODY = YES;
				CLANG_WARN_ENUM_CONVERSION = YES;
				CLANG_WARN_INFINITE_RECURSION = YES;
				CLANG_WARN_INT_CONVERSION = YES;
				CLANG_WARN_NON_LITERAL_NULL_CONVERSION = YES;
				CLANG_WARN_OBJC_IMPLICIT_RETAIN_SELF = YES;
				CLANG_WARN_OBJC_LITERAL_CONVERSION = YES;
				CLANG_WARN_OBJC_ROOT_CLASS = YES_ERROR;
				CLANG_WARN_RANGE_LOOP_ANALYSIS = YES;
				CLANG_WARN_STRICT_PROTOTYPES = YES;
				CLANG_WARN_SUSPICIOUS_MOVE = YES;
				CLANG_WARN_UNGUARDED_AVAILABILITY = YES_AGGRESSIVE;
				CLANG_WARN_UNREACHABLE_CODE = YES;
				CLANG_WARN__DUPLICATE_METHOD_MATCH = YES;
				CODE_SIGN_IDENTITY = "iPhone Developer";
				COPY_PHASE_STRIP = NO;
				DEBUG_INFORMATION_FORMAT = "dwarf-with-dsym";
				ENABLE_NS_ASSERTIONS = NO;
				ENABLE_STRICT_OBJC_MSGSEND = YES;
				GCC_C_LANGUAGE_STANDARD = gnu11;
				GCC_NO_COMMON_BLOCKS = YES;
				GCC_WARN_64_TO_32_BIT_CONVERSION = YES;
				GCC_WARN_ABOUT_RETURN_TYPE = YES_ERROR;
				GCC_WARN_UNDECLARED_SELECTOR = YES;
				GCC_WARN_UNINITIALIZED_AUTOS = YES_AGGRESSIVE;
				GCC_WARN_UNUSED_FUNCTION = YES;
				GCC_WARN_UNUSED_VARIABLE = YES;
				IPHONEOS_DEPLOYMENT_TARGET = 11.4;
				MTL_ENABLE_DEBUG_INFO = NO;
				SDKROOT = iphoneos;
				SWIFT_COMPILATION_MODE = wholemodule;
				SWIFT_OPTIMIZATION_LEVEL = "-O";
				VALIDATE_PRODUCT = YES;
			};
			name = Release;
		};
		56750230211452D50005D750 /* Debug */ = {
			isa = XCBuildConfiguration;
			baseConfigurationReference = 888674E8BAF8BCD73F202464 /* Pods-ApplePie.debug.xcconfig */;
			buildSettings = {
				ASSETCATALOG_COMPILER_APPICON_NAME = AppIcon;
				CODE_SIGN_STYLE = Automatic;
				DEVELOPMENT_TEAM = 64NX5H9B23;
				INFOPLIST_FILE = ApplePie/Info.plist;
				IPHONEOS_DEPLOYMENT_TARGET = 11.0;
				LD_RUNPATH_SEARCH_PATHS = (
					"$(inherited)",
					"@executable_path/Frameworks",
				);
				PRODUCT_BUNDLE_IDENTIFIER = com.jaejin.ApplePie;
				PRODUCT_NAME = "$(TARGET_NAME)";
				SWIFT_VERSION = 4.0;
				TARGETED_DEVICE_FAMILY = "1,2";
			};
			name = Debug;
		};
		56750231211452D50005D750 /* Release */ = {
			isa = XCBuildConfiguration;
			baseConfigurationReference = 4A482196D5188671371DB109 /* Pods-ApplePie.release.xcconfig */;
			buildSettings = {
				ASSETCATALOG_COMPILER_APPICON_NAME = AppIcon;
				CODE_SIGN_STYLE = Automatic;
				DEVELOPMENT_TEAM = 64NX5H9B23;
				INFOPLIST_FILE = ApplePie/Info.plist;
				IPHONEOS_DEPLOYMENT_TARGET = 11.0;
				LD_RUNPATH_SEARCH_PATHS = (
					"$(inherited)",
					"@executable_path/Frameworks",
				);
				PRODUCT_BUNDLE_IDENTIFIER = com.jaejin.ApplePie;
				PRODUCT_NAME = "$(TARGET_NAME)";
				SWIFT_VERSION = 4.0;
				TARGETED_DEVICE_FAMILY = "1,2";
			};
			name = Release;
		};
/* End XCBuildConfiguration section */

/* Begin XCConfigurationList section */
		56750218211452D40005D750 /* Build configuration list for PBXProject "ApplePie" */ = {
			isa = XCConfigurationList;
			buildConfigurations = (
				5675022D211452D50005D750 /* Debug */,
				5675022E211452D50005D750 /* Release */,
			);
			defaultConfigurationIsVisible = 0;
			defaultConfigurationName = Release;
		};
		5675022F211452D50005D750 /* Build configuration list for PBXNativeTarget "ApplePie" */ = {
			isa = XCConfigurationList;
			buildConfigurations = (
				56750230211452D50005D750 /* Debug */,
				56750231211452D50005D750 /* Release */,
			);
			defaultConfigurationIsVisible = 0;
			defaultConfigurationName = Release;
		};
/* End XCConfigurationList section */
	};
	rootObject = 56750215211452D40005D750 /* Project object */;
}
